{
  "name": "pyfinance",
  "lockfileVersion": 3,
  "requires": true,
  "packages": {
    "": {
      "dependencies": {
        "clsx": "^2.1.1",
        "framer-motion": "^12.24.8",
        "lightweight-charts": "^5.1.0",
        "lucide-react": "^0.562.0",
        "tailwind-merge": "^3.4.0"
      }
    },
    "node_modules/clsx": {
      "version": "2.1.1",
      "resolved": "https://registry.npmjs.org/clsx/-/clsx-2.1.1.tgz",
      "integrity": "sha512-eYm0QWBtUrBWZWG0d386OGAw16Z995PiOVo2B7bjWSbHedGl5e0ZWaq65kOGgUSNesEIDkB9ISbTg/JK9dhCZA==",
      "license": "MIT",
      "engines": {
        "node": ">=6"
      }
    },
    "node_modules/fancy-canvas": {
      "version": "2.1.0",
      "resolved": "https://registry.npmjs.org/fancy-canvas/-/fancy-canvas-2.1.0.tgz",
      "integrity": "sha512-nifxXJ95JNLFR2NgRV4/MxVP45G9909wJTEKz5fg/TZS20JJZA6hfgRVh/bC9bwl2zBtBNcYPjiBE4njQHVBwQ==",
      "license": "MIT"
    },
    "node_modules/framer-motion": {
      "version": "12.24.8",
      "resolved": "https://registry.npmjs.org/framer-motion/-/framer-motion-12.24.8.tgz",
      "integrity": "sha512-Pfr3xVnpck27DzpEfl0iAPcXFCmVh1rCXk74iEBN5AVCoL3DdPg0qL8pLeTndVI4s81GprhiTHHfSeKOu4xY2A==",
      "license": "MIT",
      "dependencies": {
        "motion-dom": "^12.24.8",
        "motion-utils": "^12.23.28",
        "tslib": "^2.4.0"
      },
      "peerDependencies": {
        "@emotion/is-prop-valid": "*",
        "react": "^18.0.0 || ^19.0.0",
        "react-dom": "^18.0.0 || ^19.0.0"
      },
      "peerDependenciesMeta": {
        "@emotion/is-prop-valid": {
          "optional": true
        },
        "react": {
          "optional": true
        },
        "react-dom": {
          "optional": true
        }
      }
    },
    "node_modules/lightweight-charts": {
      "version": "5.1.0",
      "resolved": "https://registry.npmjs.org/lightweight-charts/-/lightweight-charts-5.1.0.tgz",
      "integrity": "sha512-jEAYR4ODYeyNZcWUigsoLTl52rbPmgXnvd5FLIv/ZoA/2sSDw63YKnef8n4yhzum7W926yHeFwlm7ididKb7YQ==",
      "license": "Apache-2.0",
      "dependencies": {
        "fancy-canvas": "2.1.0"
      }
    },
    "node_modules/lucide-react": {
      "version": "0.562.0",
      "resolved": "https://registry.npmjs.org/lucide-react/-/lucide-react-0.562.0.tgz",
      "integrity": "sha512-82hOAu7y0dbVuFfmO4bYF1XEwYk/mEbM5E+b1jgci/udUBEE/R7LF5Ip0CCEmXe8AybRM8L+04eP+LGZeDvkiw==",
      "license": "ISC",
      "peerDependencies": {
        "react": "^16.5.1 || ^17.0.0 || ^18.0.0 || ^19.0.0"
      }
    },
    "node_modules/motion-dom": {
      "version": "12.24.8",
      "resolved": "https://registry.npmjs.org/motion-dom/-/motion-dom-12.24.8.tgz",
      "integrity": "sha512-wX64WITk6gKOhaTqhsFqmIkayLAAx45SVFiMnJIxIrH5uqyrwrxjrfo8WX9Kh8CaUAixjeMn82iH0W0QT9wD5w==",
      "license": "MIT",
      "dependencies": {
        "motion-utils": "^12.23.28"
      }
    },
    "node_modules/motion-utils": {
      "version": "12.23.28",
      "resolved": "https://registry.npmjs.org/motion-utils/-/motion-utils-12.23.28.tgz",
      "integrity": "sha512-0W6cWd5Okoyf8jmessVK3spOmbyE0yTdNKujHctHH9XdAE4QDuZ1/LjSXC68rrhsJU+TkzXURC5OdSWh9ibOwQ==",
      "license": "MIT"
    },
    "node_modules/react": {
      "version": "19.2.3",
      "resolved": "https://registry.npmjs.org/react/-/react-19.2.3.tgz",
      "integrity": "sha512-Ku/hhYbVjOQnXDZFv2+RibmLFGwFdeeKHFcOTlrt7xplBnya5OGn/hIRDsqDiSUcfORsDC7MPxwork8jBwsIWA==",
      "license": "MIT",
      "peer": true,
      "engines": {
        "node": ">=0.10.0"
      }
    },
    "node_modules/tailwind-merge": {
      "version": "3.4.0",
      "resolved": "https://registry.npmjs.org/tailwind-merge/-/tailwind-merge-3.4.0.tgz",
      "integrity": "sha512-uSaO4gnW+b3Y2aWoWfFpX62vn2sR3skfhbjsEnaBI81WD1wBLlHZe5sWf0AqjksNdYTbGBEd0UasQMT3SNV15g==",
      "license": "MIT",
      "funding": {
        "type": "github",
        "url": "https://github.com/sponsors/dcastil"
      }
    },
    "node_modules/tslib": {
      "version": "2.8.1",
      "resolved": "https://registry.npmjs.org/tslib/-/tslib-2.8.1.tgz",
      "integrity": "sha512-oJFu94HQb+KVduSUQL7wnpmqnfmLsOA/nAh6b6EH0wCEoK0/mPeXU6c3wKDV83MkOuHPRHtSXKKU99IBazS/2w==",
      "license": "0BSD"
    }
  }
}
